// !$*UTF8*$!
{
	archiveVersion = 1;
	classes = {
	};
	objectVersion = 56;
	objects = {

/* Begin PBXBuildFile section */
		78B0F56A2C687D3F00B7CB21 /* ExpressAppApp.swift in Sources */ = {isa = PBXBuildFile; fileRef = 78B0F5692C687D3F00B7CB21 /* ExpressAppApp.swift */; };
		78B0F56C2C687D3F00B7CB21 /* ContentView.swift in Sources */ = {isa = PBXBuildFile; fileRef = 78B0F56B2C687D3F00B7CB21 /* ContentView.swift */; };
		78B0F56E2C687D4300B7CB21 /* Assets.xcassets in Resources */ = {isa = PBXBuildFile; fileRef = 78B0F56D2C687D4300B7CB21 /* Assets.xcassets */; };
		78B0F5722C687D4300B7CB21 /* Preview Assets.xcassets in Resources */ = {isa = PBXBuildFile; fileRef = 78B0F5712C687D4300B7CB21 /* Preview Assets.xcassets */; };
		78B0F57C2C687D4400B7CB21 /* ExpressAppTests.swift in Sources */ = {isa = PBXBuildFile; fileRef = 78B0F57B2C687D4400B7CB21 /* ExpressAppTests.swift */; };
		78B0F5862C687D4400B7CB21 /* ExpressAppUITests.swift in Sources */ = {isa = PBXBuildFile; fileRef = 78B0F5852C687D4400B7CB21 /* ExpressAppUITests.swift */; };
		78B0F5882C687D4400B7CB21 /* ExpressAppUITestsLaunchTests.swift in Sources */ = {isa = PBXBuildFile; fileRef = 78B0F5872C687D4400B7CB21 /* ExpressAppUITestsLaunchTests.swift */; };
/* End PBXBuildFile section */

/* Begin PBXContainerItemProxy section */
		78B0F5782C687D4400B7CB21 /* PBXContainerItemProxy */ = {
			isa = PBXContainerItemProxy;
			containerPortal = 78B0F55E2C687D3F00B7CB21 /* Project object */;
			proxyType = 1;
			remoteGlobalIDString = 78B0F5652C687D3F00B7CB21;
			remoteInfo = ExpressApp;
		};
		78B0F5822C687D4400B7CB21 /* PBXContainerItemProxy */ = {
			isa = PBXContainerItemProxy;
			containerPortal = 78B0F55E2C687D3F00B7CB21 /* Project object */;
			proxyType = 1;
			remoteGlobalIDString = 78B0F5652C687D3F00B7CB21;
			remoteInfo = ExpressApp;
		};
/* End PBXContainerItemProxy section */

/* Begin PBXFileReference section */
		78B0F5662C687D3F00B7CB21 /* ExpressApp.app */ = {isa = PBXFileReference; explicitFileType = wrapper.application; includeInIndex = 0; path = ExpressApp.app; sourceTree = BUILT_PRODUCTS_DIR; };
		78B0F5692C687D3F00B7CB21 /* ExpressAppApp.swift */ = {isa = PBXFileReference; lastKnownFileType = sourcecode.swift; path = ExpressAppApp.swift; sourceTree = "<group>"; };
		78B0F56B2C687D3F00B7CB21 /* ContentView.swift */ = {isa = PBXFileReference; lastKnownFileType = sourcecode.swift; path = ContentView.swift; sourceTree = "<group>"; };
		78B0F56D2C687D4300B7CB21 /* Assets.xcassets */ = {isa = PBXFileReference; lastKnownFileType = folder.assetcatalog; path = Assets.xcassets; sourceTree = "<group>"; };
		78B0F56F2C687D4300B7CB21 /* ExpressApp.entitlements */ = {isa = PBXFileReference; lastKnownFileType = text.plist.entitlements; path = ExpressApp.entitlements; sourceTree = "<group>"; };
		78B0F5712C687D4300B7CB21 /* Preview Assets.xcassets */ = {isa = PBXFileReference; lastKnownFileType = folder.assetcatalog; path = "Preview Assets.xcassets"; sourceTree = "<group>"; };
		78B0F5772C687D4400B7CB21 /* ExpressAppTests.xctest */ = {isa = PBXFileReference; explicitFileType = wrapper.cfbundle; includeInIndex = 0; path = ExpressAppTests.xctest; sourceTree = BUILT_PRODUCTS_DIR; };
		78B0F57B2C687D4400B7CB21 /* ExpressAppTests.swift */ = {isa = PBXFileReference; lastKnownFileType = sourcecode.swift; path = ExpressAppTests.swift; sourceTree = "<group>"; };
		78B0F5812C687D4400B7CB21 /* ExpressAppUITests.xctest */ = {isa = PBXFileReference; explicitFileType = wrapper.cfbundle; includeInIndex = 0; path = ExpressAppUITests.xctest; sourceTree = BUILT_PRODUCTS_DIR; };
		78B0F5852C687D4400B7CB21 /* ExpressAppUITests.swift */ = {isa = PBXFileReference; lastKnownFileType = sourcecode.swift; path = ExpressAppUITests.swift; sourceTree = "<group>"; };
		78B0F5872C687D4400B7CB21 /* ExpressAppUITestsLaunchTests.swift */ = {isa = PBXFileReference; lastKnownFileType = sourcecode.swift; path = ExpressAppUITestsLaunchTests.swift; sourceTree = "<group>"; };
/* End PBXFileReference section */

/* Begin PBXFrameworksBuildPhase section */
		78B0F5632C687D3F00B7CB21 /* Frameworks */ = {
			isa = PBXFrameworksBuildPhase;
			buildActionMask = 2147483647;
			files = (
			);
			runOnlyForDeploymentPostprocessing = 0;
		};
		78B0F5742C687D4400B7CB21 /* Frameworks */ = {
			isa = PBXFrameworksBuildPhase;
			buildActionMask = 2147483647;
			files = (
			);
			runOnlyForDeploymentPostprocessing = 0;
		};
		78B0F57E2C687D4400B7CB21 /* Frameworks */ = {
			isa = PBXFrameworksBuildPhase;
			buildActionMask = 2147483647;
			files = (
			);
			runOnlyForDeploymentPostprocessing = 0;
		};
/* End PBXFrameworksBuildPhase section */

/* Begin PBXGroup section */
		78B0F55D2C687D3F00B7CB21 = {
			isa = PBXGroup;
			children = (
				78B0F5682C687D3F00B7CB21 /* ExpressApp */,
				78B0F57A2C687D4400B7CB21 /* ExpressAppTests */,
				78B0F5842C687D4400B7CB21 /* ExpressAppUITests */,
				78B0F5672C687D3F00B7CB21 /* Products */,
			);
			sourceTree = "<group>";
		};
		78B0F5672C687D3F00B7CB21 /* Products */ = {
			isa = PBXGroup;
			children = (
				78B0F5662C687D3F00B7CB21 /* ExpressApp.app */,
				78B0F5772C687D4400B7CB21 /* ExpressAppTests.xctest */,
				78B0F5812C687D4400B7CB21 /* ExpressAppUITests.xctest */,
			);
			name = Products;
			sourceTree = "<group>";
		};
		78B0F5682C687D3F00B7CB21 /* ExpressApp */ = {
			isa = PBXGroup;
			children = (
				78B0F5692C687D3F00B7CB21 /* ExpressAppApp.swift */,
				78B0F56B2C687D3F00B7CB21 /* ContentView.swift */,
				78B0F56D2C687D4300B7CB21 /* Assets.xcassets */,
				78B0F56F2C687D4300B7CB21 /* ExpressApp.entitlements */,
				78B0F5702C687D4300B7CB21 /* Preview Content */,
			);
			path = ExpressApp;
			sourceTree = "<group>";
		};
		78B0F5702C687D4300B7CB21 /* Preview Content */ = {
			isa = PBXGroup;
			children = (
				78B0F5712C687D4300B7CB21 /* Preview Assets.xcassets */,
			);
			path = "Preview Content";
			sourceTree = "<group>";
		};
		78B0F57A2C687D4400B7CB21 /* ExpressAppTests */ = {
			isa = PBXGroup;
			children = (
				78B0F57B2C687D4400B7CB21 /* ExpressAppTests.swift */,
			);
			path = ExpressAppTests;
			sourceTree = "<group>";
		};
		78B0F5842C687D4400B7CB21 /* ExpressAppUITests */ = {
			isa = PBXGroup;
			children = (
				78B0F5852C687D4400B7CB21 /* ExpressAppUITests.swift */,
				78B0F5872C687D4400B7CB21 /* ExpressAppUITestsLaunchTests.swift */,
			);
			path = ExpressAppUITests;
			sourceTree = "<group>";
		};
/* End PBXGroup section */

/* Begin PBXNativeTarget section */
		78B0F5652C687D3F00B7CB21 /* ExpressApp */ = {
			isa = PBXNativeTarget;
			buildConfigurationList = 78B0F58B2C687D4400B7CB21 /* Build configuration list for PBXNativeTarget "ExpressApp" */;
			buildPhases = (
				78B0F5622C687D3F00B7CB21 /* Sources */,
				78B0F5632C687D3F00B7CB21 /* Frameworks */,
				78B0F5642C687D3F00B7CB21 /* Resources */,
			);
			buildRules = (
			);
			dependencies = (
			);
			name = ExpressApp;
			productName = ExpressApp;
			productReference = 78B0F5662C687D3F00B7CB21 /* ExpressApp.app */;
			productType = "com.apple.product-type.application";
		};
		78B0F5762C687D4400B7CB21 /* ExpressAppTests */ = {
			isa = PBXNativeTarget;
			buildConfigurationList = 78B0F58E2C687D4400B7CB21 /* Build configuration list for PBXNativeTarget "ExpressAppTests" */;
			buildPhases = (
				78B0F5732C687D4400B7CB21 /* Sources */,
				78B0F5742C687D4400B7CB21 /* Frameworks */,
				78B0F5752C687D4400B7CB21 /* Resources */,
			);
			buildRules = (
			);
			dependencies = (
				78B0F5792C687D4400B7CB21 /* PBXTargetDependency */,
			);
			name = ExpressAppTests;
			productName = ExpressAppTests;
			productReference = 78B0F5772C687D4400B7CB21 /* ExpressAppTests.xctest */;
			productType = "com.apple.product-type.bundle.unit-test";
		};
		78B0F5802C687D4400B7CB21 /* ExpressAppUITests */ = {
			isa = PBXNativeTarget;
			buildConfigurationList = 78B0F5912C687D4400B7CB21 /* Build configuration list for PBXNativeTarget "ExpressAppUITests" */;
			buildPhases = (
				78B0F57D2C687D4400B7CB21 /* Sources */,
				78B0F57E2C687D4400B7CB21 /* Frameworks */,
				78B0F57F2C687D4400B7CB21 /* Resources */,
			);
			buildRules = (
			);
			dependencies = (
				78B0F5832C687D4400B7CB21 /* PBXTargetDependency */,
			);
			name = ExpressAppUITests;
			productName = ExpressAppUITests;
			productReference = 78B0F5812C687D4400B7CB21 /* ExpressAppUITests.xctest */;
			productType = "com.apple.product-type.bundle.ui-testing";
		};
/* End PBXNativeTarget section */

/* Begin PBXProject section */
		78B0F55E2C687D3F00B7CB21 /* Project object */ = {
			isa = PBXProject;
			attributes = {
				BuildIndependentTargetsInParallel = 1;
				LastSwiftUpdateCheck = 1540;
				LastUpgradeCheck = 1540;
				TargetAttributes = {
					78B0F5652C687D3F00B7CB21 = {
						CreatedOnToolsVersion = 15.4;
					};
					78B0F5762C687D4400B7CB21 = {
						CreatedOnToolsVersion = 15.4;
						TestTargetID = 78B0F5652C687D3F00B7CB21;
					};
					78B0F5802C687D4400B7CB21 = {
						CreatedOnToolsVersion = 15.4;
						TestTargetID = 78B0F5652C687D3F00B7CB21;
					};
				};
			};
			buildConfigurationList = 78B0F5612C687D3F00B7CB21 /* Build configuration list for PBXProject "ExpressApp" */;
			compatibilityVersion = "Xcode 14.0";
			developmentRegion = en;
			hasScannedForEncodings = 0;
			knownRegions = (
				en,
				Base,
			);
			mainGroup = 78B0F55D2C687D3F00B7CB21;
			productRefGroup = 78B0F5672C687D3F00B7CB21 /* Products */;
			projectDirPath = "";
			projectRoot = "";
			targets = (
				78B0F5652C687D3F00B7CB21 /* ExpressApp */,
				78B0F5762C687D4400B7CB21 /* ExpressAppTests */,
				78B0F5802C687D4400B7CB21 /* ExpressAppUITests */,
			);
		};
/* End PBXProject section */

/* Begin PBXResourcesBuildPhase section */
		78B0F5642C687D3F00B7CB21 /* Resources */ = {
			isa = PBXResourcesBuildPhase;
			buildActionMask = 2147483647;
			files = (
				78B0F5722C687D4300B7CB21 /* Preview Assets.xcassets in Resources */,
				78B0F56E2C687D4300B7CB21 /* Assets.xcassets in Resources */,
			);
			runOnlyForDeploymentPostprocessing = 0;
		};
		78B0F5752C687D4400B7CB21 /* Resources */ = {
			isa = PBXResourcesBuildPhase;
			buildActionMask = 2147483647;
			files = (
			);
			runOnlyForDeploymentPostprocessing = 0;
		};
		78B0F57F2C687D4400B7CB21 /* Resources */ = {
			isa = PBXResourcesBuildPhase;
			buildActionMask = 2147483647;
			files = (
			);
			runOnlyForDeploymentPostprocessing = 0;
		};
/* End PBXResourcesBuildPhase section */

/* Begin PBXSourcesBuildPhase section */
		78B0F5622C687D3F00B7CB21 /* Sources */ = {
			isa = PBXSourcesBuildPhase;
			buildActionMask = 2147483647;
			files = (
				78B0F56C2C687D3F00B7CB21 /* ContentView.swift in Sources */,
				78B0F56A2C687D3F00B7CB21 /* ExpressAppApp.swift in Sources */,
			);
			runOnlyForDeploymentPostprocessing = 0;
		};
		78B0F5732C687D4400B7CB21 /* Sources */ = {
			isa = PBXSourcesBuildPhase;
			buildActionMask = 2147483647;
			files = (
				78B0F57C2C687D4400B7CB21 /* ExpressAppTests.swift in Sources */,
			);
			runOnlyForDeploymentPostprocessing = 0;
		};
		78B0F57D2C687D4400B7CB21 /* Sources */ = {
			isa = PBXSourcesBuildPhase;
			buildActionMask = 2147483647;
			files = (
				78B0F5862C687D4400B7CB21 /* ExpressAppUITests.swift in Sources */,
				78B0F5882C687D4400B7CB21 /* ExpressAppUITestsLaunchTests.swift in Sources */,
			);
			runOnlyForDeploymentPostprocessing = 0;
		};
/* End PBXSourcesBuildPhase section */

/* Begin PBXTargetDependency section */
		78B0F5792C687D4400B7CB21 /* PBXTargetDependency */ = {
			isa = PBXTargetDependency;
			target = 78B0F5652C687D3F00B7CB21 /* ExpressApp */;
			targetProxy = 78B0F5782C687D4400B7CB21 /* PBXContainerItemProxy */;
		};
		78B0F5832C687D4400B7CB21 /* PBXTargetDependency */ = {
			isa = PBXTargetDependency;
			target = 78B0F5652C687D3F00B7CB21 /* ExpressApp */;
			targetProxy = 78B0F5822C687D4400B7CB21 /* PBXContainerItemProxy */;
		};
/* End PBXTargetDependency section */

/* Begin XCBuildConfiguration section */
		78B0F5892C687D4400B7CB21 /* Debug */ = {
			isa = XCBuildConfiguration;
			buildSettings = {
				ALWAYS_SEARCH_USER_PATHS = NO;
				ASSETCATALOG_COMPILER_GENERATE_SWIFT_ASSET_SYMBOL_EXTENSIONS = YES;
				CLANG_ANALYZER_NONNULL = YES;
				CLANG_ANALYZER_NUMBER_OBJECT_CONVERSION = YES_AGGRESSIVE;
				CLANG_CXX_LANGUAGE_STANDARD = "gnu++20";
				CLANG_ENABLE_MODULES = YES;
				CLANG_ENABLE_OBJC_ARC = YES;
				CLANG_ENABLE_OBJC_WEAK = YES;
				CLANG_WARN_BLOCK_CAPTURE_AUTORELEASING = YES;
				CLANG_WARN_BOOL_CONVERSION = YES;
				CLANG_WARN_COMMA = YES;
				CLANG_WARN_CONSTANT_CONVERSION = YES;
				CLANG_WARN_DEPRECATED_OBJC_IMPLEMENTATIONS = YES;
				CLANG_WARN_DIRECT_OBJC_ISA_USAGE = YES_ERROR;
				CLANG_WARN_DOCUMENTATION_COMMENTS = YES;
				CLANG_WARN_EMPTY_BODY = YES;
				CLANG_WARN_ENUM_CONVERSION = YES;
				CLANG_WARN_INFINITE_RECURSION = YES;
				CLANG_WARN_INT_CONVERSION = YES;
				CLANG_WARN_NON_LITERAL_NULL_CONVERSION = YES;
				CLANG_WARN_OBJC_IMPLICIT_RETAIN_SELF = YES;
				CLANG_WARN_OBJC_LITERAL_CONVERSION = YES;
				CLANG_WARN_OBJC_ROOT_CLASS = YES_ERROR;
				CLANG_WARN_QUOTED_INCLUDE_IN_FRAMEWORK_HEADER = YES;
				CLANG_WARN_RANGE_LOOP_ANALYSIS = YES;
				CLANG_WARN_STRICT_PROTOTYPES = YES;
				CLANG_WARN_SUSPICIOUS_MOVE = YES;
				CLANG_WARN_UNGUARDED_AVAILABILITY = YES_AGGRESSIVE;
				CLANG_WARN_UNREACHABLE_CODE = YES;
				CLANG_WARN__DUPLICATE_METHOD_MATCH = YES;
				COPY_PHASE_STRIP = NO;
				DEBUG_INFORMATION_FORMAT = dwarf;
				ENABLE_STRICT_OBJC_MSGSEND = YES;
				ENABLE_TESTABILITY = YES;
				ENABLE_USER_SCRIPT_SANDBOXING = YES;
				GCC_C_LANGUAGE_STANDARD = gnu17;
				GCC_DYNAMIC_NO_PIC = NO;
				GCC_NO_COMMON_BLOCKS = YES;
				GCC_OPTIMIZATION_LEVEL = 0;
				GCC_PREPROCESSOR_DEFINITIONS = (
					"DEBUG=1",
					"$(inherited)",
				);
				GCC_WARN_64_TO_32_BIT_CONVERSION = YES;
				GCC_WARN_ABOUT_RETURN_TYPE = YES_ERROR;
				GCC_WARN_UNDECLARED_SELECTOR = YES;
				GCC_WARN_UNINITIALIZED_AUTOS = YES_AGGRESSIVE;
				GCC_WARN_UNUSED_FUNCTION = YES;
				GCC_WARN_UNUSED_VARIABLE = YES;
				LOCALIZATION_PREFERS_STRING_CATALOGS = YES;
				MTL_ENABLE_DEBUG_INFO = INCLUDE_SOURCE;
				MTL_FAST_MATH = YES;
				ONLY_ACTIVE_ARCH = YES;
				SWIFT_ACTIVE_COMPILATION_CONDITIONS = "DEBUG $(inherited)";
				SWIFT_OPTIMIZATION_LEVEL = "-Onone";
			};
			name = Debug;
		};
		78B0F58A2C687D4400B7CB21 /* Release */ = {
			isa = XCBuildConfiguration;
			buildSettings = {
				ALWAYS_SEARCH_USER_PATHS = NO;
				ASSETCATALOG_COMPILER_GENERATE_SWIFT_ASSET_SYMBOL_EXTENSIONS = YES;
				CLANG_ANALYZER_NONNULL = YES;
				CLANG_ANALYZER_NUMBER_OBJECT_CONVERSION = YES_AGGRESSIVE;
				CLANG_CXX_LANGUAGE_STANDARD = "gnu++20";
				CLANG_ENABLE_MODULES = YES;
				CLANG_ENABLE_OBJC_ARC = YES;
				CLANG_ENABLE_OBJC_WEAK = YES;
				CLANG_WARN_BLOCK_CAPTURE_AUTORELEASING = YES;
				CLANG_WARN_BOOL_CONVERSION = YES;
				CLANG_WARN_COMMA = YES;
				CLANG_WARN_CONSTANT_CONVERSION = YES;
				CLANG_WARN_DEPRECATED_OBJC_IMPLEMENTATIONS = YES;
				CLANG_WARN_DIRECT_OBJC_ISA_USAGE = YES_ERROR;
				CLANG_WARN_DOCUMENTATION_COMMENTS = YES;
				CLANG_WARN_EMPTY_BODY = YES;
				CLANG_WARN_ENUM_CONVERSION = YES;
				CLANG_WARN_INFINITE_RECURSION = YES;
				CLANG_WARN_INT_CONVERSION = YES;
				CLANG_WARN_NON_LITERAL_NULL_CONVERSION = YES;
				CLANG_WARN_OBJC_IMPLICIT_RETAIN_SELF = YES;
				CLANG_WARN_OBJC_LITERAL_CONVERSION = YES;
				CLANG_WARN_OBJC_ROOT_CLASS = YES_ERROR;
				CLANG_WARN_QUOTED_INCLUDE_IN_FRAMEWORK_HEADER = YES;
				CLANG_WARN_RANGE_LOOP_ANALYSIS = YES;
				CLANG_WARN_STRICT_PROTOTYPES = YES;
				CLANG_WARN_SUSPICIOUS_MOVE = YES;
				CLANG_WARN_UNGUARDED_AVAILABILITY = YES_AGGRESSIVE;
				CLANG_WARN_UNREACHABLE_CODE = YES;
				CLANG_WARN__DUPLICATE_METHOD_MATCH = YES;
				COPY_PHASE_STRIP = NO;
				DEBUG_INFORMATION_FORMAT = "dwarf-with-dsym";
				ENABLE_NS_ASSERTIONS = NO;
				ENABLE_STRICT_OBJC_MSGSEND = YES;
				ENABLE_USER_SCRIPT_SANDBOXING = YES;
				GCC_C_LANGUAGE_STANDARD = gnu17;
				GCC_NO_COMMON_BLOCKS = YES;
				GCC_WARN_64_TO_32_BIT_CONVERSION = YES;
				GCC_WARN_ABOUT_RETURN_TYPE = YES_ERROR;
				GCC_WARN_UNDECLARED_SELECTOR = YES;
				GCC_WARN_UNINITIALIZED_AUTOS = YES_AGGRESSIVE;
				GCC_WARN_UNUSED_FUNCTION = YES;
				GCC_WARN_UNUSED_VARIABLE = YES;
				LOCALIZATION_PREFERS_STRING_CATALOGS = YES;
				MTL_ENABLE_DEBUG_INFO = NO;
				MTL_FAST_MATH = YES;
				SWIFT_COMPILATION_MODE = wholemodule;
			};
			name = Release;
		};
		78B0F58C2C687D4400B7CB21 /* Debug */ = {
			isa = XCBuildConfiguration;
			buildSettings = {
				ASSETCATALOG_COMPILER_APPICON_NAME = AppIcon;
				ASSETCATALOG_COMPILER_GLOBAL_ACCENT_COLOR_NAME = AccentColor;
				CODE_SIGN_ENTITLEMENTS = ExpressApp/ExpressApp.entitlements;
				CODE_SIGN_STYLE = Automatic;
				CURRENT_PROJECT_VERSION = 1;
				DEVELOPMENT_ASSET_PATHS = "\"ExpressApp/Preview Content\"";
				ENABLE_PREVIEWS = YES;
				GENERATE_INFOPLIST_FILE = YES;
				"INFOPLIST_KEY_UIApplicationSceneManifest_Generation[sdk=iphoneos*]" = YES;
				"INFOPLIST_KEY_UIApplicationSceneManifest_Generation[sdk=iphonesimulator*]" = YES;
				"INFOPLIST_KEY_UIApplicationSupportsIndirectInputEvents[sdk=iphoneos*]" = YES;
				"INFOPLIST_KEY_UIApplicationSupportsIndirectInputEvents[sdk=iphonesimulator*]" = YES;
				"INFOPLIST_KEY_UILaunchScreen_Generation[sdk=iphoneos*]" = YES;
				"INFOPLIST_KEY_UILaunchScreen_Generation[sdk=iphonesimulator*]" = YES;
				"INFOPLIST_KEY_UIStatusBarStyle[sdk=iphoneos*]" = UIStatusBarStyleDefault;
				"INFOPLIST_KEY_UIStatusBarStyle[sdk=iphonesimulator*]" = UIStatusBarStyleDefault;
				INFOPLIST_KEY_UISupportedInterfaceOrientations_iPad = "UIInterfaceOrientationPortrait UIInterfaceOrientationPortraitUpsideDown UIInterfaceOrientationLandscapeLeft UIInterfaceOrientationLandscapeRight";
				INFOPLIST_KEY_UISupportedInterfaceOrientations_iPhone = "UIInterfaceOrientationPortrait UIInterfaceOrientationLandscapeLeft UIInterfaceOrientationLandscapeRight";
				IPHONEOS_DEPLOYMENT_TARGET = 17.5;
				LD_RUNPATH_SEARCH_PATHS = "@executable_path/Frameworks";
				"LD_RUNPATH_SEARCH_PATHS[sdk=macosx*]" = "@executable_path/../Frameworks";
				MACOSX_DEPLOYMENT_TARGET = 14.5;
				MARKETING_VERSION = 1.0;
				PRODUCT_BUNDLE_IDENTIFIER = uu.ExpressApp;
				PRODUCT_NAME = "$(TARGET_NAME)";
				SDKROOT = auto;
				SUPPORTED_PLATFORMS = "iphoneos iphonesimulator macosx";
				SWIFT_EMIT_LOC_STRINGS = YES;
				SWIFT_VERSION = 5.0;
				TARGETED_DEVICE_FAMILY = "1,2";
			};
			name = Debug;
		};
		78B0F58D2C687D4400B7CB21 /* Release */ = {
			isa = XCBuildConfiguration;
			buildSettings = {
				ASSETCATALOG_COMPILER_APPICON_NAME = AppIcon;
				ASSETCATALOG_COMPILER_GLOBAL_ACCENT_COLOR_NAME = AccentColor;
				CODE_SIGN_ENTITLEMENTS = ExpressApp/ExpressApp.entitlements;
				CODE_SIGN_STYLE = Automatic;
				CURRENT_PROJECT_VERSION = 1;
				DEVELOPMENT_ASSET_PATHS = "\"ExpressApp/Preview Content\"";
				ENABLE_PREVIEWS = YES;
				GENERATE_INFOPLIST_FILE = YES;
				"INFOPLIST_KEY_UIApplicationSceneManifest_Generation[sdk=iphoneos*]" = YES;
				"INFOPLIST_KEY_UIApplicationSceneManifest_Generation[sdk=iphonesimulator*]" = YES;
				"INFOPLIST_KEY_UIApplicationSupportsIndirectInputEvents[sdk=iphoneos*]" = YES;
				"INFOPLIST_KEY_UIApplicationSupportsIndirectInputEvents[sdk=iphonesimulator*]" = YES;
				"INFOPLIST_KEY_UILaunchScreen_Generation[sdk=iphoneos*]" = YES;
				"INFOPLIST_KEY_UILaunchScreen_Generation[sdk=iphonesimulator*]" = YES;
				"INFOPLIST_KEY_UIStatusBarStyle[sdk=iphoneos*]" = UIStatusBarStyleDefault;
				"INFOPLIST_KEY_UIStatusBarStyle[sdk=iphonesimulator*]" = UIStatusBarStyleDefault;
				INFOPLIST_KEY_UISupportedInterfaceOrientations_iPad = "UIInterfaceOrientationPortrait UIInterfaceOrientationPortraitUpsideDown UIInterfaceOrientationLandscapeLeft UIInterfaceOrientationLandscapeRight";
				INFOPLIST_KEY_UISupportedInterfaceOrientations_iPhone = "UIInterfaceOrientationPortrait UIInterfaceOrientationLandscapeLeft UIInterfaceOrientationLandscapeRight";
				IPHONEOS_DEPLOYMENT_TARGET = 17.5;
				LD_RUNPATH_SEARCH_PATHS = "@executable_path/Frameworks";
				"LD_RUNPATH_SEARCH_PATHS[sdk=macosx*]" = "@executable_path/../Frameworks";
				MACOSX_DEPLOYMENT_TARGET = 14.5;
				MARKETING_VERSION = 1.0;
				PRODUCT_BUNDLE_IDENTIFIER = uu.ExpressApp;
				PRODUCT_NAME = "$(TARGET_NAME)";
				SDKROOT = auto;
				SUPPORTED_PLATFORMS = "iphoneos iphonesimulator macosx";
				SWIFT_EMIT_LOC_STRINGS = YES;
				SWIFT_VERSION = 5.0;
				TARGETED_DEVICE_FAMILY = "1,2";
			};
			name = Release;
		};
		78B0F58F2C687D4400B7CB21 /* Debug */ = {
			isa = XCBuildConfiguration;
			buildSettings = {
				ALWAYS_EMBED_SWIFT_STANDARD_LIBRARIES = YES;
				BUNDLE_LOADER = "$(TEST_HOST)";
				CODE_SIGN_STYLE = Automatic;
				CURRENT_PROJECT_VERSION = 1;
				GENERATE_INFOPLIST_FILE = YES;
				IPHONEOS_DEPLOYMENT_TARGET = 17.5;
				MACOSX_DEPLOYMENT_TARGET = 14.5;
				MARKETING_VERSION = 1.0;
				PRODUCT_BUNDLE_IDENTIFIER = uu.ExpressAppTests;
				PRODUCT_NAME = "$(TARGET_NAME)";
				SDKROOT = auto;
				SUPPORTED_PLATFORMS = "iphoneos iphonesimulator macosx";
				SWIFT_EMIT_LOC_STRINGS = NO;
				SWIFT_VERSION = 5.0;
				TARGETED_DEVICE_FAMILY = "1,2";
				TEST_HOST = "$(BUILT_PRODUCTS_DIR)/ExpressApp.app/$(BUNDLE_EXECUTABLE_FOLDER_PATH)/ExpressApp";
			};
			name = Debug;
		};
		78B0F5902C687D4400B7CB21 /* Release */ = {
			isa = XCBuildConfiguration;
			buildSettings = {
				ALWAYS_EMBED_SWIFT_STANDARD_LIBRARIES = YES;
				BUNDLE_LOADER = "$(TEST_HOST)";
				CODE_SIGN_STYLE = Automatic;
				CURRENT_PROJECT_VERSION = 1;
				GENERATE_INFOPLIST_FILE = YES;
				IPHONEOS_DEPLOYMENT_TARGET = 17.5;
				MACOSX_DEPLOYMENT_TARGET = 14.5;
				MARKETING_VERSION = 1.0;
				PRODUCT_BUNDLE_IDENTIFIER = uu.ExpressAppTests;
				PRODUCT_NAME = "$(TARGET_NAME)";
				SDKROOT = auto;
				SUPPORTED_PLATFORMS = "iphoneos iphonesimulator macosx";
				SWIFT_EMIT_LOC_STRINGS = NO;
				SWIFT_VERSION = 5.0;
				TARGETED_DEVICE_FAMILY = "1,2";
				TEST_HOST = "$(BUILT_PRODUCTS_DIR)/ExpressApp.app/$(BUNDLE_EXECUTABLE_FOLDER_PATH)/ExpressApp";
			};
			name = Release;
		};
		78B0F5922C687D4400B7CB21 /* Debug */ = {
			isa = XCBuildConfiguration;
			buildSettings = {
				ALWAYS_EMBED_SWIFT_STANDARD_LIBRARIES = YES;
				CODE_SIGN_STYLE = Automatic;
				CURRENT_PROJECT_VERSION = 1;
				GENERATE_INFOPLIST_FILE = YES;
				IPHONEOS_DEPLOYMENT_TARGET = 17.5;
				MACOSX_DEPLOYMENT_TARGET = 14.5;
				MARKETING_VERSION = 1.0;
				PRODUCT_BUNDLE_IDENTIFIER = uu.ExpressAppUITests;
				PRODUCT_NAME = "$(TARGET_NAME)";
				SDKROOT = auto;
				SUPPORTED_PLATFORMS = "iphoneos iphonesimulator macosx";
				SWIFT_EMIT_LOC_STRINGS = NO;
				SWIFT_VERSION = 5.0;
				TARGETED_DEVICE_FAMILY = "1,2";
				TEST_TARGET_NAME = ExpressApp;
			};
			name = Debug;
		};
		78B0F5932C687D4400B7CB21 /* Release */ = {
			isa = XCBuildConfiguration;
			buildSettings = {
				ALWAYS_EMBED_SWIFT_STANDARD_LIBRARIES = YES;
				CODE_SIGN_STYLE = Automatic;
				CURRENT_PROJECT_VERSION = 1;
				GENERATE_INFOPLIST_FILE = YES;
				IPHONEOS_DEPLOYMENT_TARGET = 17.5;
				MACOSX_DEPLOYMENT_TARGET = 14.5;
				MARKETING_VERSION = 1.0;
				PRODUCT_BUNDLE_IDENTIFIER = uu.ExpressAppUITests;
				PRODUCT_NAME = "$(TARGET_NAME)";
				SDKROOT = auto;
				SUPPORTED_PLATFORMS = "iphoneos iphonesimulator macosx";
				SWIFT_EMIT_LOC_STRINGS = NO;
				SWIFT_VERSION = 5.0;
				TARGETED_DEVICE_FAMILY = "1,2";
				TEST_TARGET_NAME = ExpressApp;
			};
			name = Release;
		};
/* End XCBuildConfiguration section */

/* Begin XCConfigurationList section */
		78B0F5612C687D3F00B7CB21 /* Build configuration list for PBXProject "ExpressApp" */ = {
			isa = XCConfigurationList;
			buildConfigurations = (
				78B0F5892C687D4400B7CB21 /* Debug */,
				78B0F58A2C687D4400B7CB21 /* Release */,
			);
			defaultConfigurationIsVisible = 0;
			defaultConfigurationName = Release;
		};
		78B0F58B2C687D4400B7CB21 /* Build configuration list for PBXNativeTarget "ExpressApp" */ = {
			isa = XCConfigurationList;
			buildConfigurations = (
				78B0F58C2C687D4400B7CB21 /* Debug */,
				78B0F58D2C687D4400B7CB21 /* Release */,
			);
			defaultConfigurationIsVisible = 0;
			defaultConfigurationName = Release;
		};
		78B0F58E2C687D4400B7CB21 /* Build configuration list for PBXNativeTarget "ExpressAppTests" */ = {
			isa = XCConfigurationList;
			buildConfigurations = (
				78B0F58F2C687D4400B7CB21 /* Debug */,
				78B0F5902C687D4400B7CB21 /* Release */,
			);
			defaultConfigurationIsVisible = 0;
			defaultConfigurationName = Release;
		};
		78B0F5912C687D4400B7CB21 /* Build configuration list for PBXNativeTarget "ExpressAppUITests" */ = {
			isa = XCConfigurationList;
			buildConfigurations = (
				78B0F5922C687D4400B7CB21 /* Debug */,
				78B0F5932C687D4400B7CB21 /* Release */,
			);
			defaultConfigurationIsVisible = 0;
			defaultConfigurationName = Release;
		};
/* End XCConfigurationList section */
	};
	rootObject = 78B0F55E2C687D3F00B7CB21 /* Project object */;
}
